
Microsoft Visual Studio Solution File, Format Version 12.00
# Visual Studio Version 16
VisualStudioVersion = 25.0.1706.1
MinimumVisualStudioVersion = 10.0.40219.1
Project("{FAE04EC0-301F-11D3-BF4B-00C04F79EFBC}") = "ProcessRUs", "ProcessRUs\ProcessRUs.csproj", "{62C72007-A079-47C6-84FF-D331376FCB61}"
EndProject
Global
	GlobalSection(SolutionConfigurationPlatforms) = preSolution
		Debug|Any CPU = Debug|Any CPU
		Release|Any CPU = Release|Any CPU
	EndGlobalSection
	GlobalSection(ProjectConfigurationPlatforms) = postSolution
		{62C72007-A079-47C6-84FF-D331376FCB61}.Debug|Any CPU.ActiveCfg = Debug|Any CPU
		{62C72007-A079-47C6-84FF-D331376FCB61}.Debug|Any CPU.Build.0 = Debug|Any CPU
		{62C72007-A079-47C6-84FF-D331376FCB61}.Release|Any CPU.ActiveCfg = Release|Any CPU
		{62C72007-A079-47C6-84FF-D331376FCB61}.Release|Any CPU.Build.0 = Release|Any CPU
	EndGlobalSection
	GlobalSection(SolutionProperties) = preSolution
		HideSolutionNode = FALSE
	EndGlobalSection
	GlobalSection(ExtensibilityGlobals) = postSolution
		SolutionGuid = {44E66A34-C82A-400D-9F83-5633DFD43184}
	EndGlobalSection
EndGlobal
